# THIS IS AN AUTOGENERATED FILE. DO NOT EDIT THIS FILE DIRECTLY.
# yarn lockfile v1


eslint-config-prettier@^8.1.0:
  version "8.1.0"
  resolved "https://registry.yarnpkg.com/eslint-config-prettier/-/eslint-config-prettier-8.1.0.tgz#4ef1eaf97afe5176e6a75ddfb57c335121abc5a6"
  integrity sha512-oKMhGv3ihGbCIimCAjqkdzx2Q+jthoqnXSP+d86M9tptwugycmTFdVR4IpLgq2c4SHifbwO90z2fQ8/Aio73yw==

eslint-plugin-prettier@^3.3.1:
  version "3.3.1"
  resolved "https://registry.yarnpkg.com/eslint-plugin-prettier/-/eslint-plugin-prettier-3.3.1.tgz#7079cfa2497078905011e6f82e8dd8453d1371b7"
  integrity sha512-Rq3jkcFY8RYeQLgk2cCwuc0P7SEFwDravPhsJZOQ5N4YI4DSg50NyqJ/9gdZHzQlHf8MvafSesbNJCcP/FF6pQ==
  dependencies:
    prettier-linter-helpers "^1.0.0"

fast-diff@^1.1.2:
  version "1.2.0"
  resolved "https://registry.yarnpkg.com/fast-diff/-/fast-diff-1.2.0.tgz#73ee11982d86caaf7959828d519cfe927fac5f03"
  integrity sha512-xJuoT5+L99XlZ8twedaRf6Ax2TgQVxvgZOYoPKqZufmJib0tL2tegPBOZb1pVNgIhlqDlA0eO0c3wBvQcmzx4w==

prettier-linter-helpers@^1.0.0:
  version "1.0.0"
  resolved "https://registry.yarnpkg.com/prettier-linter-helpers/-/prettier-linter-helpers-1.0.0.tgz#d23d41fe1375646de2d0104d3454a3008802cf7b"
  integrity sha512-GbK2cP9nraSSUF9N2XwUwqfzlAFlMNYYl+ShE/V+H8a9uNl/oUqB1w2EL54Jh0OlyRSd8RfWYJ3coVS4TROP2w==
  dependencies:
    fast-diff "^1.1.2"
